// !$*UTF8*$!
{
	archiveVersion = 1;
	classes = {
	};
	objectVersion = 56;
	objects = {

/* Begin PBXBuildFile section */
		57A3FE812C7CC494001DCDB3 /* DesignSystems in Frameworks */ = {isa = PBXBuildFile; productRef = 57A3FE802C7CC494001DCDB3 /* DesignSystems */; };
		57A6F7142C7F879B00C18FD4 /* Array+LearningAssetQuery.swift in Sources */ = {isa = PBXBuildFile; fileRef = 57A6F7132C7F879B00C18FD4 /* Array+LearningAssetQuery.swift */; };
		57A6F7162C7FA00B00C18FD4 /* ConfirmAssetView.swift in Sources */ = {isa = PBXBuildFile; fileRef = 57A6F7152C7FA00B00C18FD4 /* ConfirmAssetView.swift */; };
		57A6F7182C7FA7FD00C18FD4 /* NewAssetViewModel.swift in Sources */ = {isa = PBXBuildFile; fileRef = 57A6F7172C7FA7FD00C18FD4 /* NewAssetViewModel.swift */; };
		57A6F7212C80871500C18FD4 /* NewAssetViewModelTests.swift in Sources */ = {isa = PBXBuildFile; fileRef = 57A6F7202C80871500C18FD4 /* NewAssetViewModelTests.swift */; };
		57A7BD482C7C8300003EA1FD /* View+Routing.swift in Sources */ = {isa = PBXBuildFile; fileRef = 57A7BD472C7C8300003EA1FD /* View+Routing.swift */; };
		57ACD68A2C7D1A65003611DA /* SettingsScreen.swift in Sources */ = {isa = PBXBuildFile; fileRef = 57ACD6892C7D1A65003611DA /* SettingsScreen.swift */; };
		57C024F22C7B7F5C00CBACD6 /* BookmarkProjectApp.swift in Sources */ = {isa = PBXBuildFile; fileRef = 57C024F12C7B7F5C00CBACD6 /* BookmarkProjectApp.swift */; };
		57C024F42C7B7F5C00CBACD6 /* ContentView.swift in Sources */ = {isa = PBXBuildFile; fileRef = 57C024F32C7B7F5C00CBACD6 /* ContentView.swift */; };
		57C024F82C7B7F5F00CBACD6 /* Assets.xcassets in Resources */ = {isa = PBXBuildFile; fileRef = 57C024F72C7B7F5F00CBACD6 /* Assets.xcassets */; };
		57C024FB2C7B7F5F00CBACD6 /* Preview Assets.xcassets in Resources */ = {isa = PBXBuildFile; fileRef = 57C024FA2C7B7F5F00CBACD6 /* Preview Assets.xcassets */; };
		57C025052C7B7F5F00CBACD6 /* BookmarkProjectTests.swift in Sources */ = {isa = PBXBuildFile; fileRef = 57C025042C7B7F5F00CBACD6 /* BookmarkProjectTests.swift */; };
		57C0250F2C7B7F5F00CBACD6 /* BookmarkProjectUITests.swift in Sources */ = {isa = PBXBuildFile; fileRef = 57C0250E2C7B7F5F00CBACD6 /* BookmarkProjectUITests.swift */; };
		57C025112C7B7F5F00CBACD6 /* BookmarkProjectUITestsLaunchTests.swift in Sources */ = {isa = PBXBuildFile; fileRef = 57C025102C7B7F5F00CBACD6 /* BookmarkProjectUITestsLaunchTests.swift */; };
		57C025262C7BA46A00CBACD6 /* Environment in Frameworks */ = {isa = PBXBuildFile; productRef = 57C025252C7BA46A00CBACD6 /* Environment */; };
		57C025282C7BA46D00CBACD6 /* Models in Frameworks */ = {isa = PBXBuildFile; productRef = 57C025272C7BA46D00CBACD6 /* Models */; };
		57C0252A2C7BA47100CBACD6 /* Networking in Frameworks */ = {isa = PBXBuildFile; productRef = 57C025292C7BA47100CBACD6 /* Networking */; };
		57C025322C7BD1C500CBACD6 /* Tab.swift in Sources */ = {isa = PBXBuildFile; fileRef = 57C025312C7BD1C500CBACD6 /* Tab.swift */; };
		57C77A522C7E37060052F3D2 /* NewAssetScreen.swift in Sources */ = {isa = PBXBuildFile; fileRef = 57C77A512C7E37060052F3D2 /* NewAssetScreen.swift */; };
		57D2BB5F2C7DD01300B612A6 /* HomeScreen.swift in Sources */ = {isa = PBXBuildFile; fileRef = 57D2BB5E2C7DD01300B612A6 /* HomeScreen.swift */; };
		57D2BB632C7DD52600B612A6 /* NukeUI in Frameworks */ = {isa = PBXBuildFile; productRef = 57D2BB622C7DD52600B612A6 /* NukeUI */; };
		57D2BB652C7DE4EF00B612A6 /* Home in Frameworks */ = {isa = PBXBuildFile; productRef = 57D2BB642C7DE4EF00B612A6 /* Home */; };
		57D2BB682C7DF24900B612A6 /* AsyncAlgorithms in Frameworks */ = {isa = PBXBuildFile; productRef = 57D2BB672C7DF24900B612A6 /* AsyncAlgorithms */; };
		57D2BB6A2C7DF25E00B612A6 /* HomeScreenViewModel.swift in Sources */ = {isa = PBXBuildFile; fileRef = 57D2BB692C7DF25E00B612A6 /* HomeScreenViewModel.swift */; };
		57F611C12C7F5F8400207877 /* CreateManuallyView.swift in Sources */ = {isa = PBXBuildFile; fileRef = 57F611C02C7F5F8400207877 /* CreateManuallyView.swift */; };
		57F611C32C7F5FC300207877 /* CreateAutomaticallyView.swift in Sources */ = {isa = PBXBuildFile; fileRef = 57F611C22C7F5FC300207877 /* CreateAutomaticallyView.swift */; };
/* End PBXBuildFile section */

/* Begin PBXContainerItemProxy section */
		57C025012C7B7F5F00CBACD6 /* PBXContainerItemProxy */ = {
			isa = PBXContainerItemProxy;
			containerPortal = 57C024E62C7B7F5C00CBACD6 /* Project object */;
			proxyType = 1;
			remoteGlobalIDString = 57C024ED2C7B7F5C00CBACD6;
			remoteInfo = BookmarkProject;
		};
		57C0250B2C7B7F5F00CBACD6 /* PBXContainerItemProxy */ = {
			isa = PBXContainerItemProxy;
			containerPortal = 57C024E62C7B7F5C00CBACD6 /* Project object */;
			proxyType = 1;
			remoteGlobalIDString = 57C024ED2C7B7F5C00CBACD6;
			remoteInfo = BookmarkProject;
		};
/* End PBXContainerItemProxy section */

/* Begin PBXFileReference section */
		57A6F7132C7F879B00C18FD4 /* Array+LearningAssetQuery.swift */ = {isa = PBXFileReference; lastKnownFileType = sourcecode.swift; path = "Array+LearningAssetQuery.swift"; sourceTree = "<group>"; };
		57A6F7152C7FA00B00C18FD4 /* ConfirmAssetView.swift */ = {isa = PBXFileReference; lastKnownFileType = sourcecode.swift; path = ConfirmAssetView.swift; sourceTree = "<group>"; };
		57A6F7172C7FA7FD00C18FD4 /* NewAssetViewModel.swift */ = {isa = PBXFileReference; lastKnownFileType = sourcecode.swift; path = NewAssetViewModel.swift; sourceTree = "<group>"; };
		57A6F7202C80871500C18FD4 /* NewAssetViewModelTests.swift */ = {isa = PBXFileReference; lastKnownFileType = sourcecode.swift; path = NewAssetViewModelTests.swift; sourceTree = "<group>"; };
		57A7BD472C7C8300003EA1FD /* View+Routing.swift */ = {isa = PBXFileReference; lastKnownFileType = sourcecode.swift; path = "View+Routing.swift"; sourceTree = "<group>"; };
		57ACD6892C7D1A65003611DA /* SettingsScreen.swift */ = {isa = PBXFileReference; lastKnownFileType = sourcecode.swift; path = SettingsScreen.swift; sourceTree = "<group>"; };
		57C024EE2C7B7F5C00CBACD6 /* BookmarkProject.app */ = {isa = PBXFileReference; explicitFileType = wrapper.application; includeInIndex = 0; path = BookmarkProject.app; sourceTree = BUILT_PRODUCTS_DIR; };
		57C024F12C7B7F5C00CBACD6 /* BookmarkProjectApp.swift */ = {isa = PBXFileReference; lastKnownFileType = sourcecode.swift; path = BookmarkProjectApp.swift; sourceTree = "<group>"; };
		57C024F32C7B7F5C00CBACD6 /* ContentView.swift */ = {isa = PBXFileReference; lastKnownFileType = sourcecode.swift; path = ContentView.swift; sourceTree = "<group>"; };
		57C024F72C7B7F5F00CBACD6 /* Assets.xcassets */ = {isa = PBXFileReference; lastKnownFileType = folder.assetcatalog; path = Assets.xcassets; sourceTree = "<group>"; };
		57C024FA2C7B7F5F00CBACD6 /* Preview Assets.xcassets */ = {isa = PBXFileReference; lastKnownFileType = folder.assetcatalog; path = "Preview Assets.xcassets"; sourceTree = "<group>"; };
		57C025002C7B7F5F00CBACD6 /* BookmarkProjectTests.xctest */ = {isa = PBXFileReference; explicitFileType = wrapper.cfbundle; includeInIndex = 0; path = BookmarkProjectTests.xctest; sourceTree = BUILT_PRODUCTS_DIR; };
		57C025042C7B7F5F00CBACD6 /* BookmarkProjectTests.swift */ = {isa = PBXFileReference; lastKnownFileType = sourcecode.swift; path = BookmarkProjectTests.swift; sourceTree = "<group>"; };
		57C0250A2C7B7F5F00CBACD6 /* BookmarkProjectUITests.xctest */ = {isa = PBXFileReference; explicitFileType = wrapper.cfbundle; includeInIndex = 0; path = BookmarkProjectUITests.xctest; sourceTree = BUILT_PRODUCTS_DIR; };
		57C0250E2C7B7F5F00CBACD6 /* BookmarkProjectUITests.swift */ = {isa = PBXFileReference; lastKnownFileType = sourcecode.swift; path = BookmarkProjectUITests.swift; sourceTree = "<group>"; };
		57C025102C7B7F5F00CBACD6 /* BookmarkProjectUITestsLaunchTests.swift */ = {isa = PBXFileReference; lastKnownFileType = sourcecode.swift; path = BookmarkProjectUITestsLaunchTests.swift; sourceTree = "<group>"; };
		57C0251E2C7BA18400CBACD6 /* Networking */ = {isa = PBXFileReference; lastKnownFileType = wrapper; name = Networking; path = ../Networking; sourceTree = "<group>"; };
		57C0251F2C7BA27D00CBACD6 /* Models */ = {isa = PBXFileReference; lastKnownFileType = wrapper; name = Models; path = ../Models; sourceTree = "<group>"; };
		57C025202C7BA2E700CBACD6 /* DesignSystems */ = {isa = PBXFileReference; lastKnownFileType = wrapper; name = DesignSystems; path = ../DesignSystems; sourceTree = "<group>"; };
		57C025212C7BA34900CBACD6 /* Environment */ = {isa = PBXFileReference; lastKnownFileType = wrapper; name = Environment; path = ../Environment; sourceTree = "<group>"; };
		57C025312C7BD1C500CBACD6 /* Tab.swift */ = {isa = PBXFileReference; lastKnownFileType = sourcecode.swift; path = Tab.swift; sourceTree = "<group>"; };
		57C77A512C7E37060052F3D2 /* NewAssetScreen.swift */ = {isa = PBXFileReference; lastKnownFileType = sourcecode.swift; path = NewAssetScreen.swift; sourceTree = "<group>"; };
		57D2BB5E2C7DD01300B612A6 /* HomeScreen.swift */ = {isa = PBXFileReference; lastKnownFileType = sourcecode.swift; path = HomeScreen.swift; sourceTree = "<group>"; };
		57D2BB602C7DD22000B612A6 /* Home */ = {isa = PBXFileReference; lastKnownFileType = wrapper; name = Home; path = ../Home; sourceTree = "<group>"; };
		57D2BB692C7DF25E00B612A6 /* HomeScreenViewModel.swift */ = {isa = PBXFileReference; lastKnownFileType = sourcecode.swift; path = HomeScreenViewModel.swift; sourceTree = "<group>"; };
		57F611C02C7F5F8400207877 /* CreateManuallyView.swift */ = {isa = PBXFileReference; lastKnownFileType = sourcecode.swift; path = CreateManuallyView.swift; sourceTree = "<group>"; };
		57F611C22C7F5FC300207877 /* CreateAutomaticallyView.swift */ = {isa = PBXFileReference; lastKnownFileType = sourcecode.swift; path = CreateAutomaticallyView.swift; sourceTree = "<group>"; };
/* End PBXFileReference section */

/* Begin PBXFrameworksBuildPhase section */
		57C024EB2C7B7F5C00CBACD6 /* Frameworks */ = {
			isa = PBXFrameworksBuildPhase;
			buildActionMask = 2147483647;
			files = (
				57D2BB632C7DD52600B612A6 /* NukeUI in Frameworks */,
				57C025282C7BA46D00CBACD6 /* Models in Frameworks */,
				57C025262C7BA46A00CBACD6 /* Environment in Frameworks */,
				57C0252A2C7BA47100CBACD6 /* Networking in Frameworks */,
				57A3FE812C7CC494001DCDB3 /* DesignSystems in Frameworks */,
				57D2BB652C7DE4EF00B612A6 /* Home in Frameworks */,
				57D2BB682C7DF24900B612A6 /* AsyncAlgorithms in Frameworks */,
			);
			runOnlyForDeploymentPostprocessing = 0;
		};
		57C024FD2C7B7F5F00CBACD6 /* Frameworks */ = {
			isa = PBXFrameworksBuildPhase;
			buildActionMask = 2147483647;
			files = (
			);
			runOnlyForDeploymentPostprocessing = 0;
		};
		57C025072C7B7F5F00CBACD6 /* Frameworks */ = {
			isa = PBXFrameworksBuildPhase;
			buildActionMask = 2147483647;
			files = (
			);
			runOnlyForDeploymentPostprocessing = 0;
		};
/* End PBXFrameworksBuildPhase section */

/* Begin PBXGroup section */
		57C024E52C7B7F5C00CBACD6 = {
			isa = PBXGroup;
			children = (
				57C024F02C7B7F5C00CBACD6 /* BookmarkProject */,
				57C025032C7B7F5F00CBACD6 /* BookmarkProjectTests */,
				57C0250D2C7B7F5F00CBACD6 /* BookmarkProjectUITests */,
				57C025202C7BA2E700CBACD6 /* DesignSystems */,
				57C025212C7BA34900CBACD6 /* Environment */,
				57D2BB602C7DD22000B612A6 /* Home */,
				57C0251F2C7BA27D00CBACD6 /* Models */,
				57C0251E2C7BA18400CBACD6 /* Networking */,
				57C024EF2C7B7F5C00CBACD6 /* Products */,
				57C025222C7BA46600CBACD6 /* Frameworks */,
			);
			sourceTree = "<group>";
		};
		57C024EF2C7B7F5C00CBACD6 /* Products */ = {
			isa = PBXGroup;
			children = (
				57C024EE2C7B7F5C00CBACD6 /* BookmarkProject.app */,
				57C025002C7B7F5F00CBACD6 /* BookmarkProjectTests.xctest */,
				57C0250A2C7B7F5F00CBACD6 /* BookmarkProjectUITests.xctest */,
			);
			name = Products;
			sourceTree = "<group>";
		};
		57C024F02C7B7F5C00CBACD6 /* BookmarkProject */ = {
			isa = PBXGroup;
			children = (
				57C0252B2C7BCFF500CBACD6 /* App */,
				57C0252D2C7BD05100CBACD6 /* Resources */,
			);
			path = BookmarkProject;
			sourceTree = "<group>";
		};
		57C024F92C7B7F5F00CBACD6 /* Preview Content */ = {
			isa = PBXGroup;
			children = (
				57C024FA2C7B7F5F00CBACD6 /* Preview Assets.xcassets */,
			);
			path = "Preview Content";
			sourceTree = "<group>";
		};
		57C025032C7B7F5F00CBACD6 /* BookmarkProjectTests */ = {
			isa = PBXGroup;
			children = (
				57C025042C7B7F5F00CBACD6 /* BookmarkProjectTests.swift */,
				57A6F7202C80871500C18FD4 /* NewAssetViewModelTests.swift */,
			);
			path = BookmarkProjectTests;
			sourceTree = "<group>";
		};
		57C0250D2C7B7F5F00CBACD6 /* BookmarkProjectUITests */ = {
			isa = PBXGroup;
			children = (
				57C0250E2C7B7F5F00CBACD6 /* BookmarkProjectUITests.swift */,
				57C025102C7B7F5F00CBACD6 /* BookmarkProjectUITestsLaunchTests.swift */,
			);
			path = BookmarkProjectUITests;
			sourceTree = "<group>";
		};
		57C025222C7BA46600CBACD6 /* Frameworks */ = {
			isa = PBXGroup;
			children = (
			);
			name = Frameworks;
			sourceTree = "<group>";
		};
		57C0252B2C7BCFF500CBACD6 /* App */ = {
			isa = PBXGroup;
			children = (
				57C024F12C7B7F5C00CBACD6 /* BookmarkProjectApp.swift */,
				57C024F32C7B7F5C00CBACD6 /* ContentView.swift */,
				57C0252E2C7BD0B800CBACD6 /* Tabs */,
				57C0252F2C7BD0C900CBACD6 /* Utils */,
			);
			path = App;
			sourceTree = "<group>";
		};
		57C0252D2C7BD05100CBACD6 /* Resources */ = {
			isa = PBXGroup;
			children = (
				57C025302C7BD0E400CBACD6 /* Fonts */,
				57C024F72C7B7F5F00CBACD6 /* Assets.xcassets */,
				57C024F92C7B7F5F00CBACD6 /* Preview Content */,
			);
			path = Resources;
			sourceTree = "<group>";
		};
		57C0252E2C7BD0B800CBACD6 /* Tabs */ = {
			isa = PBXGroup;
			children = (
				57D2BB572C7DB27800B612A6 /* NewAsset */,
				57D2BB562C7DB27300B612A6 /* Home */,
				57D2BB552C7DB26D00B612A6 /* Settings */,
				57C025312C7BD1C500CBACD6 /* Tab.swift */,
			);
			path = Tabs;
			sourceTree = "<group>";
		};
		57C0252F2C7BD0C900CBACD6 /* Utils */ = {
			isa = PBXGroup;
			children = (
				57A7BD472C7C8300003EA1FD /* View+Routing.swift */,
				57A6F7132C7F879B00C18FD4 /* Array+LearningAssetQuery.swift */,
			);
			path = Utils;
			sourceTree = "<group>";
		};
		57C025302C7BD0E400CBACD6 /* Fonts */ = {
			isa = PBXGroup;
			children = (
			);
			path = Fonts;
			sourceTree = "<group>";
		};
		57D2BB552C7DB26D00B612A6 /* Settings */ = {
			isa = PBXGroup;
			children = (
				57D2BB582C7DB2C700B612A6 /* Screens */,
				57D2BB592C7DB2CD00B612A6 /* Views */,
			);
			path = Settings;
			sourceTree = "<group>";
		};
		57D2BB562C7DB27300B612A6 /* Home */ = {
			isa = PBXGroup;
			children = (
				57D2BB5A2C7DB2D700B612A6 /* Screens */,
				57D2BB5B2C7DB2DD00B612A6 /* Views */,
			);
			path = Home;
			sourceTree = "<group>";
		};
		57D2BB572C7DB27800B612A6 /* NewAsset */ = {
			isa = PBXGroup;
			children = (
				57D2BB5D2C7DB2E700B612A6 /* Screens */,
				57D2BB5C2C7DB2E300B612A6 /* Views */,
			);
			path = NewAsset;
			sourceTree = "<group>";
		};
		57D2BB582C7DB2C700B612A6 /* Screens */ = {
			isa = PBXGroup;
			children = (
				57ACD6892C7D1A65003611DA /* SettingsScreen.swift */,
			);
			path = Screens;
			sourceTree = "<group>";
		};
		57D2BB592C7DB2CD00B612A6 /* Views */ = {
			isa = PBXGroup;
			children = (
			);
			path = Views;
			sourceTree = "<group>";
		};
		57D2BB5A2C7DB2D700B612A6 /* Screens */ = {
			isa = PBXGroup;
			children = (
				57D2BB5E2C7DD01300B612A6 /* HomeScreen.swift */,
				57D2BB692C7DF25E00B612A6 /* HomeScreenViewModel.swift */,
			);
			path = Screens;
			sourceTree = "<group>";
		};
		57D2BB5B2C7DB2DD00B612A6 /* Views */ = {
			isa = PBXGroup;
			children = (
			);
			path = Views;
			sourceTree = "<group>";
		};
		57D2BB5C2C7DB2E300B612A6 /* Views */ = {
			isa = PBXGroup;
			children = (
				57F611C22C7F5FC300207877 /* CreateAutomaticallyView.swift */,
				57A6F7152C7FA00B00C18FD4 /* ConfirmAssetView.swift */,
				57F611C02C7F5F8400207877 /* CreateManuallyView.swift */,
			);
			path = Views;
			sourceTree = "<group>";
		};
		57D2BB5D2C7DB2E700B612A6 /* Screens */ = {
			isa = PBXGroup;
			children = (
				57C77A512C7E37060052F3D2 /* NewAssetScreen.swift */,
				57A6F7172C7FA7FD00C18FD4 /* NewAssetViewModel.swift */,
			);
			path = Screens;
			sourceTree = "<group>";
		};
/* End PBXGroup section */

/* Begin PBXNativeTarget section */
		57C024ED2C7B7F5C00CBACD6 /* BookmarkProject */ = {
			isa = PBXNativeTarget;
			buildConfigurationList = 57C025142C7B7F5F00CBACD6 /* Build configuration list for PBXNativeTarget "BookmarkProject" */;
			buildPhases = (
				57C024EA2C7B7F5C00CBACD6 /* Sources */,
				57C024EB2C7B7F5C00CBACD6 /* Frameworks */,
				57C024EC2C7B7F5C00CBACD6 /* Resources */,
			);
			buildRules = (
			);
			dependencies = (
			);
			name = BookmarkProject;
			packageProductDependencies = (
				57C025252C7BA46A00CBACD6 /* Environment */,
				57C025272C7BA46D00CBACD6 /* Models */,
				57C025292C7BA47100CBACD6 /* Networking */,
				57A3FE802C7CC494001DCDB3 /* DesignSystems */,
				57D2BB622C7DD52600B612A6 /* NukeUI */,
				57D2BB642C7DE4EF00B612A6 /* Home */,
				57D2BB672C7DF24900B612A6 /* AsyncAlgorithms */,
			);
			productName = BookmarkProject;
			productReference = 57C024EE2C7B7F5C00CBACD6 /* BookmarkProject.app */;
			productType = "com.apple.product-type.application";
		};
		57C024FF2C7B7F5F00CBACD6 /* BookmarkProjectTests */ = {
			isa = PBXNativeTarget;
			buildConfigurationList = 57C025172C7B7F5F00CBACD6 /* Build configuration list for PBXNativeTarget "BookmarkProjectTests" */;
			buildPhases = (
				57C024FC2C7B7F5F00CBACD6 /* Sources */,
				57C024FD2C7B7F5F00CBACD6 /* Frameworks */,
				57C024FE2C7B7F5F00CBACD6 /* Resources */,
			);
			buildRules = (
			);
			dependencies = (
				57C025022C7B7F5F00CBACD6 /* PBXTargetDependency */,
			);
			name = BookmarkProjectTests;
			productName = BookmarkProjectTests;
			productReference = 57C025002C7B7F5F00CBACD6 /* BookmarkProjectTests.xctest */;
			productType = "com.apple.product-type.bundle.unit-test";
		};
		57C025092C7B7F5F00CBACD6 /* BookmarkProjectUITests */ = {
			isa = PBXNativeTarget;
			buildConfigurationList = 57C0251A2C7B7F5F00CBACD6 /* Build configuration list for PBXNativeTarget "BookmarkProjectUITests" */;
			buildPhases = (
				57C025062C7B7F5F00CBACD6 /* Sources */,
				57C025072C7B7F5F00CBACD6 /* Frameworks */,
				57C025082C7B7F5F00CBACD6 /* Resources */,
			);
			buildRules = (
			);
			dependencies = (
				57C0250C2C7B7F5F00CBACD6 /* PBXTargetDependency */,
			);
			name = BookmarkProjectUITests;
			productName = BookmarkProjectUITests;
			productReference = 57C0250A2C7B7F5F00CBACD6 /* BookmarkProjectUITests.xctest */;
			productType = "com.apple.product-type.bundle.ui-testing";
		};
/* End PBXNativeTarget section */

/* Begin PBXProject section */
		57C024E62C7B7F5C00CBACD6 /* Project object */ = {
			isa = PBXProject;
			attributes = {
				BuildIndependentTargetsInParallel = 1;
				LastSwiftUpdateCheck = 1540;
				LastUpgradeCheck = 1540;
				TargetAttributes = {
					57C024ED2C7B7F5C00CBACD6 = {
						CreatedOnToolsVersion = 15.4;
					};
					57C024FF2C7B7F5F00CBACD6 = {
						CreatedOnToolsVersion = 15.4;
						TestTargetID = 57C024ED2C7B7F5C00CBACD6;
					};
					57C025092C7B7F5F00CBACD6 = {
						CreatedOnToolsVersion = 15.4;
						TestTargetID = 57C024ED2C7B7F5C00CBACD6;
					};
				};
			};
			buildConfigurationList = 57C024E92C7B7F5C00CBACD6 /* Build configuration list for PBXProject "BookmarkProject" */;
			compatibilityVersion = "Xcode 14.0";
			developmentRegion = en;
			hasScannedForEncodings = 0;
			knownRegions = (
				en,
				Base,
			);
			mainGroup = 57C024E52C7B7F5C00CBACD6;
			packageReferences = (
				57D2BB612C7DD52600B612A6 /* XCRemoteSwiftPackageReference "Nuke" */,
				57D2BB662C7DF24900B612A6 /* XCRemoteSwiftPackageReference "swift-async-algorithms" */,
			);
			productRefGroup = 57C024EF2C7B7F5C00CBACD6 /* Products */;
			projectDirPath = "";
			projectRoot = "";
			targets = (
				57C024ED2C7B7F5C00CBACD6 /* BookmarkProject */,
				57C024FF2C7B7F5F00CBACD6 /* BookmarkProjectTests */,
				57C025092C7B7F5F00CBACD6 /* BookmarkProjectUITests */,
			);
		};
/* End PBXProject section */

/* Begin PBXResourcesBuildPhase section */
		57C024EC2C7B7F5C00CBACD6 /* Resources */ = {
			isa = PBXResourcesBuildPhase;
			buildActionMask = 2147483647;
			files = (
				57C024FB2C7B7F5F00CBACD6 /* Preview Assets.xcassets in Resources */,
				57C024F82C7B7F5F00CBACD6 /* Assets.xcassets in Resources */,
			);
			runOnlyForDeploymentPostprocessing = 0;
		};
		57C024FE2C7B7F5F00CBACD6 /* Resources */ = {
			isa = PBXResourcesBuildPhase;
			buildActionMask = 2147483647;
			files = (
			);
			runOnlyForDeploymentPostprocessing = 0;
		};
		57C025082C7B7F5F00CBACD6 /* Resources */ = {
			isa = PBXResourcesBuildPhase;
			buildActionMask = 2147483647;
			files = (
			);
			runOnlyForDeploymentPostprocessing = 0;
		};
/* End PBXResourcesBuildPhase section */

/* Begin PBXSourcesBuildPhase section */
		57C024EA2C7B7F5C00CBACD6 /* Sources */ = {
			isa = PBXSourcesBuildPhase;
			buildActionMask = 2147483647;
			files = (
				57ACD68A2C7D1A65003611DA /* SettingsScreen.swift in Sources */,
				57A6F7142C7F879B00C18FD4 /* Array+LearningAssetQuery.swift in Sources */,
				57C77A522C7E37060052F3D2 /* NewAssetScreen.swift in Sources */,
				57C025322C7BD1C500CBACD6 /* Tab.swift in Sources */,
				57A6F7182C7FA7FD00C18FD4 /* NewAssetViewModel.swift in Sources */,
				57A6F7162C7FA00B00C18FD4 /* ConfirmAssetView.swift in Sources */,
				57D2BB6A2C7DF25E00B612A6 /* HomeScreenViewModel.swift in Sources */,
				57D2BB5F2C7DD01300B612A6 /* HomeScreen.swift in Sources */,
				57C024F42C7B7F5C00CBACD6 /* ContentView.swift in Sources */,
				57F611C32C7F5FC300207877 /* CreateAutomaticallyView.swift in Sources */,
				57C024F22C7B7F5C00CBACD6 /* BookmarkProjectApp.swift in Sources */,
				57F611C12C7F5F8400207877 /* CreateManuallyView.swift in Sources */,
				57A7BD482C7C8300003EA1FD /* View+Routing.swift in Sources */,
			);
			runOnlyForDeploymentPostprocessing = 0;
		};
		57C024FC2C7B7F5F00CBACD6 /* Sources */ = {
			isa = PBXSourcesBuildPhase;
			buildActionMask = 2147483647;
			files = (
				57A6F7212C80871500C18FD4 /* NewAssetViewModelTests.swift in Sources */,
				57C025052C7B7F5F00CBACD6 /* BookmarkProjectTests.swift in Sources */,
			);
			runOnlyForDeploymentPostprocessing = 0;
		};
		57C025062C7B7F5F00CBACD6 /* Sources */ = {
			isa = PBXSourcesBuildPhase;
			buildActionMask = 2147483647;
			files = (
				57C025112C7B7F5F00CBACD6 /* BookmarkProjectUITestsLaunchTests.swift in Sources */,
				57C0250F2C7B7F5F00CBACD6 /* BookmarkProjectUITests.swift in Sources */,
			);
			runOnlyForDeploymentPostprocessing = 0;
		};
/* End PBXSourcesBuildPhase section */

/* Begin PBXTargetDependency section */
		57C025022C7B7F5F00CBACD6 /* PBXTargetDependency */ = {
			isa = PBXTargetDependency;
			target = 57C024ED2C7B7F5C00CBACD6 /* BookmarkProject */;
			targetProxy = 57C025012C7B7F5F00CBACD6 /* PBXContainerItemProxy */;
		};
		57C0250C2C7B7F5F00CBACD6 /* PBXTargetDependency */ = {
			isa = PBXTargetDependency;
			target = 57C024ED2C7B7F5C00CBACD6 /* BookmarkProject */;
			targetProxy = 57C0250B2C7B7F5F00CBACD6 /* PBXContainerItemProxy */;
		};
/* End PBXTargetDependency section */

/* Begin XCBuildConfiguration section */
		57C025122C7B7F5F00CBACD6 /* Debug */ = {
			isa = XCBuildConfiguration;
			buildSettings = {
				ALWAYS_SEARCH_USER_PATHS = NO;
				ASSETCATALOG_COMPILER_GENERATE_SWIFT_ASSET_SYMBOL_EXTENSIONS = YES;
				CLANG_ANALYZER_NONNULL = YES;
				CLANG_ANALYZER_NUMBER_OBJECT_CONVERSION = YES_AGGRESSIVE;
				CLANG_CXX_LANGUAGE_STANDARD = "gnu++20";
				CLANG_ENABLE_MODULES = YES;
				CLANG_ENABLE_OBJC_ARC = YES;
				CLANG_ENABLE_OBJC_WEAK = YES;
				CLANG_WARN_BLOCK_CAPTURE_AUTORELEASING = YES;
				CLANG_WARN_BOOL_CONVERSION = YES;
				CLANG_WARN_COMMA = YES;
				CLANG_WARN_CONSTANT_CONVERSION = YES;
				CLANG_WARN_DEPRECATED_OBJC_IMPLEMENTATIONS = YES;
				CLANG_WARN_DIRECT_OBJC_ISA_USAGE = YES_ERROR;
				CLANG_WARN_DOCUMENTATION_COMMENTS = YES;
				CLANG_WARN_EMPTY_BODY = YES;
				CLANG_WARN_ENUM_CONVERSION = YES;
				CLANG_WARN_INFINITE_RECURSION = YES;
				CLANG_WARN_INT_CONVERSION = YES;
				CLANG_WARN_NON_LITERAL_NULL_CONVERSION = YES;
				CLANG_WARN_OBJC_IMPLICIT_RETAIN_SELF = YES;
				CLANG_WARN_OBJC_LITERAL_CONVERSION = YES;
				CLANG_WARN_OBJC_ROOT_CLASS = YES_ERROR;
				CLANG_WARN_QUOTED_INCLUDE_IN_FRAMEWORK_HEADER = YES;
				CLANG_WARN_RANGE_LOOP_ANALYSIS = YES;
				CLANG_WARN_STRICT_PROTOTYPES = YES;
				CLANG_WARN_SUSPICIOUS_MOVE = YES;
				CLANG_WARN_UNGUARDED_AVAILABILITY = YES_AGGRESSIVE;
				CLANG_WARN_UNREACHABLE_CODE = YES;
				CLANG_WARN__DUPLICATE_METHOD_MATCH = YES;
				COPY_PHASE_STRIP = NO;
				DEBUG_INFORMATION_FORMAT = dwarf;
				ENABLE_STRICT_OBJC_MSGSEND = YES;
				ENABLE_TESTABILITY = YES;
				ENABLE_USER_SCRIPT_SANDBOXING = YES;
				GCC_C_LANGUAGE_STANDARD = gnu17;
				GCC_DYNAMIC_NO_PIC = NO;
				GCC_NO_COMMON_BLOCKS = YES;
				GCC_OPTIMIZATION_LEVEL = 0;
				GCC_PREPROCESSOR_DEFINITIONS = (
					"DEBUG=1",
					"$(inherited)",
				);
				GCC_WARN_64_TO_32_BIT_CONVERSION = YES;
				GCC_WARN_ABOUT_RETURN_TYPE = YES_ERROR;
				GCC_WARN_UNDECLARED_SELECTOR = YES;
				GCC_WARN_UNINITIALIZED_AUTOS = YES_AGGRESSIVE;
				GCC_WARN_UNUSED_FUNCTION = YES;
				GCC_WARN_UNUSED_VARIABLE = YES;
				IPHONEOS_DEPLOYMENT_TARGET = 17.5;
				LOCALIZATION_PREFERS_STRING_CATALOGS = YES;
				MTL_ENABLE_DEBUG_INFO = INCLUDE_SOURCE;
				MTL_FAST_MATH = YES;
				ONLY_ACTIVE_ARCH = YES;
				SDKROOT = iphoneos;
				SWIFT_ACTIVE_COMPILATION_CONDITIONS = "DEBUG $(inherited)";
				SWIFT_OPTIMIZATION_LEVEL = "-Onone";
			};
			name = Debug;
		};
		57C025132C7B7F5F00CBACD6 /* Release */ = {
			isa = XCBuildConfiguration;
			buildSettings = {
				ALWAYS_SEARCH_USER_PATHS = NO;
				ASSETCATALOG_COMPILER_GENERATE_SWIFT_ASSET_SYMBOL_EXTENSIONS = YES;
				CLANG_ANALYZER_NONNULL = YES;
				CLANG_ANALYZER_NUMBER_OBJECT_CONVERSION = YES_AGGRESSIVE;
				CLANG_CXX_LANGUAGE_STANDARD = "gnu++20";
				CLANG_ENABLE_MODULES = YES;
				CLANG_ENABLE_OBJC_ARC = YES;
				CLANG_ENABLE_OBJC_WEAK = YES;
				CLANG_WARN_BLOCK_CAPTURE_AUTORELEASING = YES;
				CLANG_WARN_BOOL_CONVERSION = YES;
				CLANG_WARN_COMMA = YES;
				CLANG_WARN_CONSTANT_CONVERSION = YES;
				CLANG_WARN_DEPRECATED_OBJC_IMPLEMENTATIONS = YES;
				CLANG_WARN_DIRECT_OBJC_ISA_USAGE = YES_ERROR;
				CLANG_WARN_DOCUMENTATION_COMMENTS = YES;
				CLANG_WARN_EMPTY_BODY = YES;
				CLANG_WARN_ENUM_CONVERSION = YES;
				CLANG_WARN_INFINITE_RECURSION = YES;
				CLANG_WARN_INT_CONVERSION = YES;
				CLANG_WARN_NON_LITERAL_NULL_CONVERSION = YES;
				CLANG_WARN_OBJC_IMPLICIT_RETAIN_SELF = YES;
				CLANG_WARN_OBJC_LITERAL_CONVERSION = YES;
				CLANG_WARN_OBJC_ROOT_CLASS = YES_ERROR;
				CLANG_WARN_QUOTED_INCLUDE_IN_FRAMEWORK_HEADER = YES;
				CLANG_WARN_RANGE_LOOP_ANALYSIS = YES;
				CLANG_WARN_STRICT_PROTOTYPES = YES;
				CLANG_WARN_SUSPICIOUS_MOVE = YES;
				CLANG_WARN_UNGUARDED_AVAILABILITY = YES_AGGRESSIVE;
				CLANG_WARN_UNREACHABLE_CODE = YES;
				CLANG_WARN__DUPLICATE_METHOD_MATCH = YES;
				COPY_PHASE_STRIP = NO;
				DEBUG_INFORMATION_FORMAT = "dwarf-with-dsym";
				ENABLE_NS_ASSERTIONS = NO;
				ENABLE_STRICT_OBJC_MSGSEND = YES;
				ENABLE_USER_SCRIPT_SANDBOXING = YES;
				GCC_C_LANGUAGE_STANDARD = gnu17;
				GCC_NO_COMMON_BLOCKS = YES;
				GCC_WARN_64_TO_32_BIT_CONVERSION = YES;
				GCC_WARN_ABOUT_RETURN_TYPE = YES_ERROR;
				GCC_WARN_UNDECLARED_SELECTOR = YES;
				GCC_WARN_UNINITIALIZED_AUTOS = YES_AGGRESSIVE;
				GCC_WARN_UNUSED_FUNCTION = YES;
				GCC_WARN_UNUSED_VARIABLE = YES;
				IPHONEOS_DEPLOYMENT_TARGET = 17.5;
				LOCALIZATION_PREFERS_STRING_CATALOGS = YES;
				MTL_ENABLE_DEBUG_INFO = NO;
				MTL_FAST_MATH = YES;
				SDKROOT = iphoneos;
				SWIFT_COMPILATION_MODE = wholemodule;
				VALIDATE_PRODUCT = YES;
			};
			name = Release;
		};
		57C025152C7B7F5F00CBACD6 /* Debug */ = {
			isa = XCBuildConfiguration;
			buildSettings = {
				ASSETCATALOG_COMPILER_APPICON_NAME = AppIcon;
				ASSETCATALOG_COMPILER_GLOBAL_ACCENT_COLOR_NAME = AccentColor;
				CODE_SIGN_STYLE = Automatic;
				CURRENT_PROJECT_VERSION = 1;
				DEVELOPMENT_ASSET_PATHS = "\"BookmarkProject/Resources/Preview Content\"";
				DEVELOPMENT_TEAM = Y3X6GMAKF6;
				ENABLE_PREVIEWS = YES;
				GENERATE_INFOPLIST_FILE = YES;
				INFOPLIST_KEY_UIApplicationSceneManifest_Generation = YES;
				INFOPLIST_KEY_UIApplicationSupportsIndirectInputEvents = YES;
				INFOPLIST_KEY_UILaunchScreen_Generation = YES;
				INFOPLIST_KEY_UISupportedInterfaceOrientations_iPad = "UIInterfaceOrientationPortrait UIInterfaceOrientationPortraitUpsideDown UIInterfaceOrientationLandscapeLeft UIInterfaceOrientationLandscapeRight";
				INFOPLIST_KEY_UISupportedInterfaceOrientations_iPhone = "UIInterfaceOrientationPortrait UIInterfaceOrientationLandscapeLeft UIInterfaceOrientationLandscapeRight";
				LD_RUNPATH_SEARCH_PATHS = (
					"$(inherited)",
					"@executable_path/Frameworks",
				);
				MARKETING_VERSION = 1.0;
				PRODUCT_BUNDLE_IDENTIFIER = com.riurean.BookmarkProject;
				PRODUCT_NAME = "$(TARGET_NAME)";
				SUPPORTED_PLATFORMS = "iphoneos iphonesimulator";
				SUPPORTS_MACCATALYST = NO;
				SUPPORTS_MAC_DESIGNED_FOR_IPHONE_IPAD = NO;
				SUPPORTS_XR_DESIGNED_FOR_IPHONE_IPAD = NO;
				SWIFT_EMIT_LOC_STRINGS = YES;
				SWIFT_VERSION = 5.0;
				TARGETED_DEVICE_FAMILY = 1;
			};
			name = Debug;
		};
		57C025162C7B7F5F00CBACD6 /* Release */ = {
			isa = XCBuildConfiguration;
			buildSettings = {
				ASSETCATALOG_COMPILER_APPICON_NAME = AppIcon;
				ASSETCATALOG_COMPILER_GLOBAL_ACCENT_COLOR_NAME = AccentColor;
				CODE_SIGN_STYLE = Automatic;
				CURRENT_PROJECT_VERSION = 1;
				DEVELOPMENT_ASSET_PATHS = "\"BookmarkProject/Resources/Preview Content\"";
				DEVELOPMENT_TEAM = Y3X6GMAKF6;
				ENABLE_PREVIEWS = YES;
				GENERATE_INFOPLIST_FILE = YES;
				INFOPLIST_KEY_UIApplicationSceneManifest_Generation = YES;
				INFOPLIST_KEY_UIApplicationSupportsIndirectInputEvents = YES;
				INFOPLIST_KEY_UILaunchScreen_Generation = YES;
				INFOPLIST_KEY_UISupportedInterfaceOrientations_iPad = "UIInterfaceOrientationPortrait UIInterfaceOrientationPortraitUpsideDown UIInterfaceOrientationLandscapeLeft UIInterfaceOrientationLandscapeRight";
				INFOPLIST_KEY_UISupportedInterfaceOrientations_iPhone = "UIInterfaceOrientationPortrait UIInterfaceOrientationLandscapeLeft UIInterfaceOrientationLandscapeRight";
				LD_RUNPATH_SEARCH_PATHS = (
					"$(inherited)",
					"@executable_path/Frameworks",
				);
				MARKETING_VERSION = 1.0;
				PRODUCT_BUNDLE_IDENTIFIER = com.riurean.BookmarkProject;
				PRODUCT_NAME = "$(TARGET_NAME)";
				SUPPORTED_PLATFORMS = "iphoneos iphonesimulator";
				SUPPORTS_MACCATALYST = NO;
				SUPPORTS_MAC_DESIGNED_FOR_IPHONE_IPAD = NO;
				SUPPORTS_XR_DESIGNED_FOR_IPHONE_IPAD = NO;
				SWIFT_EMIT_LOC_STRINGS = YES;
				SWIFT_VERSION = 5.0;
				TARGETED_DEVICE_FAMILY = 1;
			};
			name = Release;
		};
		57C025182C7B7F5F00CBACD6 /* Debug */ = {
			isa = XCBuildConfiguration;
			buildSettings = {
				ALWAYS_EMBED_SWIFT_STANDARD_LIBRARIES = YES;
				BUNDLE_LOADER = "$(TEST_HOST)";
				CODE_SIGN_STYLE = Automatic;
				CURRENT_PROJECT_VERSION = 1;
				DEVELOPMENT_TEAM = Y3X6GMAKF6;
				GENERATE_INFOPLIST_FILE = YES;
				IPHONEOS_DEPLOYMENT_TARGET = 17.5;
				MARKETING_VERSION = 1.0;
				PRODUCT_BUNDLE_IDENTIFIER = com.riurean.BookmarkProjectTests;
				PRODUCT_NAME = "$(TARGET_NAME)";
				SWIFT_EMIT_LOC_STRINGS = NO;
				SWIFT_VERSION = 5.0;
				TARGETED_DEVICE_FAMILY = "1,2";
				TEST_HOST = "$(BUILT_PRODUCTS_DIR)/BookmarkProject.app/$(BUNDLE_EXECUTABLE_FOLDER_PATH)/BookmarkProject";
			};
			name = Debug;
		};
		57C025192C7B7F5F00CBACD6 /* Release */ = {
			isa = XCBuildConfiguration;
			buildSettings = {
				ALWAYS_EMBED_SWIFT_STANDARD_LIBRARIES = YES;
				BUNDLE_LOADER = "$(TEST_HOST)";
				CODE_SIGN_STYLE = Automatic;
				CURRENT_PROJECT_VERSION = 1;
				DEVELOPMENT_TEAM = Y3X6GMAKF6;
				GENERATE_INFOPLIST_FILE = YES;
				IPHONEOS_DEPLOYMENT_TARGET = 17.5;
				MARKETING_VERSION = 1.0;
				PRODUCT_BUNDLE_IDENTIFIER = com.riurean.BookmarkProjectTests;
				PRODUCT_NAME = "$(TARGET_NAME)";
				SWIFT_EMIT_LOC_STRINGS = NO;
				SWIFT_VERSION = 5.0;
				TARGETED_DEVICE_FAMILY = "1,2";
				TEST_HOST = "$(BUILT_PRODUCTS_DIR)/BookmarkProject.app/$(BUNDLE_EXECUTABLE_FOLDER_PATH)/BookmarkProject";
			};
			name = Release;
		};
		57C0251B2C7B7F5F00CBACD6 /* Debug */ = {
			isa = XCBuildConfiguration;
			buildSettings = {
				ALWAYS_EMBED_SWIFT_STANDARD_LIBRARIES = YES;
				CODE_SIGN_STYLE = Automatic;
				CURRENT_PROJECT_VERSION = 1;
				DEVELOPMENT_TEAM = Y3X6GMAKF6;
				GENERATE_INFOPLIST_FILE = YES;
				MARKETING_VERSION = 1.0;
				PRODUCT_BUNDLE_IDENTIFIER = com.riurean.BookmarkProjectUITests;
				PRODUCT_NAME = "$(TARGET_NAME)";
				SWIFT_EMIT_LOC_STRINGS = NO;
				SWIFT_VERSION = 5.0;
				TARGETED_DEVICE_FAMILY = "1,2";
				TEST_TARGET_NAME = BookmarkProject;
			};
			name = Debug;
		};
		57C0251C2C7B7F5F00CBACD6 /* Release */ = {
			isa = XCBuildConfiguration;
			buildSettings = {
				ALWAYS_EMBED_SWIFT_STANDARD_LIBRARIES = YES;
				CODE_SIGN_STYLE = Automatic;
				CURRENT_PROJECT_VERSION = 1;
				DEVELOPMENT_TEAM = Y3X6GMAKF6;
				GENERATE_INFOPLIST_FILE = YES;
				MARKETING_VERSION = 1.0;
				PRODUCT_BUNDLE_IDENTIFIER = com.riurean.BookmarkProjectUITests;
				PRODUCT_NAME = "$(TARGET_NAME)";
				SWIFT_EMIT_LOC_STRINGS = NO;
				SWIFT_VERSION = 5.0;
				TARGETED_DEVICE_FAMILY = "1,2";
				TEST_TARGET_NAME = BookmarkProject;
			};
			name = Release;
		};
/* End XCBuildConfiguration section */

/* Begin XCConfigurationList section */
		57C024E92C7B7F5C00CBACD6 /* Build configuration list for PBXProject "BookmarkProject" */ = {
			isa = XCConfigurationList;
			buildConfigurations = (
				57C025122C7B7F5F00CBACD6 /* Debug */,
				57C025132C7B7F5F00CBACD6 /* Release */,
			);
			defaultConfigurationIsVisible = 0;
			defaultConfigurationName = Release;
		};
		57C025142C7B7F5F00CBACD6 /* Build configuration list for PBXNativeTarget "BookmarkProject" */ = {
			isa = XCConfigurationList;
			buildConfigurations = (
				57C025152C7B7F5F00CBACD6 /* Debug */,
				57C025162C7B7F5F00CBACD6 /* Release */,
			);
			defaultConfigurationIsVisible = 0;
			defaultConfigurationName = Release;
		};
		57C025172C7B7F5F00CBACD6 /* Build configuration list for PBXNativeTarget "BookmarkProjectTests" */ = {
			isa = XCConfigurationList;
			buildConfigurations = (
				57C025182C7B7F5F00CBACD6 /* Debug */,
				57C025192C7B7F5F00CBACD6 /* Release */,
			);
			defaultConfigurationIsVisible = 0;
			defaultConfigurationName = Release;
		};
		57C0251A2C7B7F5F00CBACD6 /* Build configuration list for PBXNativeTarget "BookmarkProjectUITests" */ = {
			isa = XCConfigurationList;
			buildConfigurations = (
				57C0251B2C7B7F5F00CBACD6 /* Debug */,
				57C0251C2C7B7F5F00CBACD6 /* Release */,
			);
			defaultConfigurationIsVisible = 0;
			defaultConfigurationName = Release;
		};
/* End XCConfigurationList section */

/* Begin XCRemoteSwiftPackageReference section */
		57D2BB612C7DD52600B612A6 /* XCRemoteSwiftPackageReference "Nuke" */ = {
			isa = XCRemoteSwiftPackageReference;
			repositoryURL = "https://github.com/kean/Nuke/";
			requirement = {
				kind = upToNextMajorVersion;
				minimumVersion = 12.8.0;
			};
		};
		57D2BB662C7DF24900B612A6 /* XCRemoteSwiftPackageReference "swift-async-algorithms" */ = {
			isa = XCRemoteSwiftPackageReference;
			repositoryURL = "https://github.com/apple/swift-async-algorithms.git";
			requirement = {
				kind = upToNextMajorVersion;
				minimumVersion = 1.0.1;
			};
		};
/* End XCRemoteSwiftPackageReference section */

/* Begin XCSwiftPackageProductDependency section */
		57A3FE802C7CC494001DCDB3 /* DesignSystems */ = {
			isa = XCSwiftPackageProductDependency;
			productName = DesignSystems;
		};
		57C025252C7BA46A00CBACD6 /* Environment */ = {
			isa = XCSwiftPackageProductDependency;
			productName = Environment;
		};
		57C025272C7BA46D00CBACD6 /* Models */ = {
			isa = XCSwiftPackageProductDependency;
			productName = Models;
		};
		57C025292C7BA47100CBACD6 /* Networking */ = {
			isa = XCSwiftPackageProductDependency;
			productName = Networking;
		};
		57D2BB622C7DD52600B612A6 /* NukeUI */ = {
			isa = XCSwiftPackageProductDependency;
			package = 57D2BB612C7DD52600B612A6 /* XCRemoteSwiftPackageReference "Nuke" */;
			productName = NukeUI;
		};
		57D2BB642C7DE4EF00B612A6 /* Home */ = {
			isa = XCSwiftPackageProductDependency;
			productName = Home;
		};
		57D2BB672C7DF24900B612A6 /* AsyncAlgorithms */ = {
			isa = XCSwiftPackageProductDependency;
			package = 57D2BB662C7DF24900B612A6 /* XCRemoteSwiftPackageReference "swift-async-algorithms" */;
			productName = AsyncAlgorithms;
		};
/* End XCSwiftPackageProductDependency section */
	};
	rootObject = 57C024E62C7B7F5C00CBACD6 /* Project object */;
}
